
Microsoft Visual Studio Solution File, Format Version 12.00
# Visual Studio 15
VisualStudioVersion = 15.0.28010.2016
MinimumVisualStudioVersion = 10.0.40219.1
Project("{FAE04EC0-301F-11D3-BF4B-00C04F79EFBC}") = "Presentacion", "WindowsFormsApp1\Presentacion.csproj", "{A950BED4-2FF4-401C-BDEF-0D55C28025D7}"
EndProject
Project("{FAE04EC0-301F-11D3-BF4B-00C04F79EFBC}") = "Negocio", "Negocio\Negocio.csproj", "{D250BE47-30A7-4ED4-937B-AB4E5758E85D}"
EndProject
Project("{FAE04EC0-301F-11D3-BF4B-00C04F79EFBC}") = "DAO", "DAO\DAO.csproj", "{382DAC7D-CECF-4567-AEF6-2E042591FDC3}"
EndProject
Project("{FAE04EC0-301F-11D3-BF4B-00C04F79EFBC}") = "Entidad", "Entidad\Entidad.csproj", "{54A8F0BA-239B-4DAD-9B63-D265247D6083}"
EndProject
Global
	GlobalSection(SolutionConfigurationPlatforms) = preSolution
		Debug|Any CPU = Debug|Any CPU
		Release|Any CPU = Release|Any CPU
	EndGlobalSection
	GlobalSection(ProjectConfigurationPlatforms) = postSolution
		{A950BED4-2FF4-401C-BDEF-0D55C28025D7}.Debug|Any CPU.ActiveCfg = Debug|Any CPU
		{A950BED4-2FF4-401C-BDEF-0D55C28025D7}.Debug|Any CPU.Build.0 = Debug|Any CPU
		{A950BED4-2FF4-401C-BDEF-0D55C28025D7}.Release|Any CPU.ActiveCfg = Release|Any CPU
		{A950BED4-2FF4-401C-BDEF-0D55C28025D7}.Release|Any CPU.Build.0 = Release|Any CPU
		{D250BE47-30A7-4ED4-937B-AB4E5758E85D}.Debug|Any CPU.ActiveCfg = Debug|Any CPU
		{D250BE47-30A7-4ED4-937B-AB4E5758E85D}.Debug|Any CPU.Build.0 = Debug|Any CPU
		{D250BE47-30A7-4ED4-937B-AB4E5758E85D}.Release|Any CPU.ActiveCfg = Release|Any CPU
		{D250BE47-30A7-4ED4-937B-AB4E5758E85D}.Release|Any CPU.Build.0 = Release|Any CPU
		{382DAC7D-CECF-4567-AEF6-2E042591FDC3}.Debug|Any CPU.ActiveCfg = Debug|Any CPU
		{382DAC7D-CECF-4567-AEF6-2E042591FDC3}.Debug|Any CPU.Build.0 = Debug|Any CPU
		{382DAC7D-CECF-4567-AEF6-2E042591FDC3}.Release|Any CPU.ActiveCfg = Release|Any CPU
		{382DAC7D-CECF-4567-AEF6-2E042591FDC3}.Release|Any CPU.Build.0 = Release|Any CPU
		{54A8F0BA-239B-4DAD-9B63-D265247D6083}.Debug|Any CPU.ActiveCfg = Debug|Any CPU
		{54A8F0BA-239B-4DAD-9B63-D265247D6083}.Debug|Any CPU.Build.0 = Debug|Any CPU
		{54A8F0BA-239B-4DAD-9B63-D265247D6083}.Release|Any CPU.ActiveCfg = Release|Any CPU
		{54A8F0BA-239B-4DAD-9B63-D265247D6083}.Release|Any CPU.Build.0 = Release|Any CPU
	EndGlobalSection
	GlobalSection(SolutionProperties) = preSolution
		HideSolutionNode = FALSE
	EndGlobalSection
	GlobalSection(ExtensibilityGlobals) = postSolution
		SolutionGuid = {9CAE6D1E-593B-460F-906E-97D57CD8C1ED}
	EndGlobalSection
EndGlobal
